PODS:
  - ACEDrawingView (2.2.1)
  - FLAnimatedImage (1.0.12)
  - JTMaterialSpinner (3.0.5)
  - MBProgressHUD (1.1.0)
  - SnapKit (4.2.0)
  - WeProovSDK (1.2.6):
    - ACEDrawingView (~> 2.2)
    - FLAnimatedImage (~> 1.0)
    - JTMaterialSpinner (~> 3.0)
    - MBProgressHUD (~> 1.1)
    - SnapKit (~> 4.0)

DEPENDENCIES:
  - WeProovSDK (from `../`)

SPEC REPOS:
  trunk:
    - ACEDrawingView
    - FLAnimatedImage
    - JTMaterialSpinner
    - MBProgressHUD
    - SnapKit

EXTERNAL SOURCES:
  WeProovSDK:
    :path: "../"

SPEC CHECKSUMS:
  ACEDrawingView: fa6e8461682a54db3ac65151474fc77ef7e54fd2
  FLAnimatedImage: 4a0b56255d9b05f18b6dd7ee06871be5d3b89e31
  JTMaterialSpinner: 28a0444186b6b2df4206a77d12f7c9dcbe604958
  MBProgressHUD: e7baa36a220447d8aeb12769bf0585582f3866d9
  SnapKit: fe8a619752f3f27075cc9a90244d75c6c3f27e2a
  WeProovSDK: b906fbc9a0f5efb62fc8e0ee27b1053308ac2b18

PODFILE CHECKSUM: 70b1b48d18a5b1011f40e4b969899890dae59e29

COCOAPODS: 1.8.4
