PODS:
  - ACEDrawingView (2.2.1)
  - APAddressBook/Core (0.3.2)
  - APAddressBook/Swift (0.3.2):
    - APAddressBook/Core
  - FLAnimatedImage (1.0.12)
  - JTBorderDotAnimation (1.0.0)
  - JTMaterialSpinner (3.0.5)
  - JTTableViewController (1.0.10):
    - Masonry
  - Masonry (1.1.0)
  - MBProgressHUD (1.1.0)
  - SignatureView (1.1.0)
  - SnapKit (4.2.0)
  - SwiftRichString (3.7.2)
  - Then (2.7.0)
  - WeProovSDK (1.5.3):
    - ACEDrawingView (~> 2.2)
    - APAddressBook/Swift
    - FLAnimatedImage (~> 1.0)
    - JTBorderDotAnimation (~> 1.0)
    - JTMaterialSpinner (~> 3.0)
    - JTTableViewController (~> 1.0.10)
    - MBProgressHUD (= 1.1)
    - SignatureView (~> 1.1)
    - SnapKit (~> 4.0)
    - SwiftRichString
    - Then (~> 2.7.0)

DEPENDENCIES:
  - WeProovSDK (from `../`)

SPEC REPOS:
  trunk:
    - ACEDrawingView
    - APAddressBook
    - FLAnimatedImage
    - JTBorderDotAnimation
    - JTMaterialSpinner
    - JTTableViewController
    - Masonry
    - MBProgressHUD
    - SignatureView
    - SnapKit
    - SwiftRichString
    - Then

EXTERNAL SOURCES:
  WeProovSDK:
    :path: "../"

SPEC CHECKSUMS:
  ACEDrawingView: fa6e8461682a54db3ac65151474fc77ef7e54fd2
  APAddressBook: e68ecaf95f2c323b625ae585a0d25fe505291286
  FLAnimatedImage: 4a0b56255d9b05f18b6dd7ee06871be5d3b89e31
  JTBorderDotAnimation: 5b07b7d1aaa007f61c1f11b7a505973ed3334ca1
  JTMaterialSpinner: 28a0444186b6b2df4206a77d12f7c9dcbe604958
  JTTableViewController: 18f1819d4ce93bc671c0ca5b3fe8f06d2649f87b
  Masonry: 678fab65091a9290e40e2832a55e7ab731aad201
  MBProgressHUD: e7baa36a220447d8aeb12769bf0585582f3866d9
  SignatureView: 23bb085add66110062decbfa899ed93d111b76e5
  SnapKit: fe8a619752f3f27075cc9a90244d75c6c3f27e2a
  SwiftRichString: d61b807db1f8834c26fee92b6dd3e1be2dc5af03
  Then: acfe0be7e98221c6204e12f8161459606d5d822d
  WeProovSDK: f6a7df550153c38920b4d5d972f141eb8fd32a35

PODFILE CHECKSUM: c0e398ac75e4d8b6f3edbd2677d96e5eb44b47f6

COCOAPODS: 1.9.3
